<?xml version="1.0" encoding="utf-8"?>
<Project ToolsVersion="4.0" xmlns="http://schemas.microsoft.com/developer/msbuild/2003">
  <ItemGroup>
    <ClCompile Include="Source\Actor.cpp" />
    <ClCompile Include="Source\Camera.cpp" />
    <ClCompile Include="Source\Color.cpp" />
    <ClCompile Include="Source\ETime.cpp" />
    <ClCompile Include="Source\Framebuffer.cpp" />
    <ClCompile Include="Source\Image.cpp" />
    <ClCompile Include="Source\Input.cpp" />
    <ClCompile Include="Source\Main.cpp" />
    <ClCompile Include="Source\Model.cpp" />
    <ClCompile Include="Source\PostProcess.cpp" />
    <ClCompile Include="Source\Renderer.cpp" />
  </ItemGroup>
  <ItemGroup>
    <ClInclude Include="Source\Actor.h">
      <Filter>Header</Filter>
    </ClInclude>
    <ClInclude Include="Source\Camera.h">
      <Filter>Header</Filter>
    </ClInclude>
    <ClInclude Include="Source\Color.h">
      <Filter>Header</Filter>
    </ClInclude>
    <ClInclude Include="Source\ETime.h">
      <Filter>Header</Filter>
    </ClInclude>
    <ClInclude Include="Source\Framebuffer.h">
      <Filter>Header</Filter>
    </ClInclude>
    <ClInclude Include="Source\Image.h">
      <Filter>Header</Filter>
    </ClInclude>
    <ClInclude Include="Source\Input.h">
      <Filter>Header</Filter>
    </ClInclude>
    <ClInclude Include="Source\MathUtils.h">
      <Filter>Header</Filter>
    </ClInclude>
    <ClInclude Include="Source\Model.h">
      <Filter>Header</Filter>
    </ClInclude>
    <ClInclude Include="Source\PostProcess.h">
      <Filter>Header</Filter>
    </ClInclude>
    <ClInclude Include="Source\Random.h">
      <Filter>Header</Filter>
    </ClInclude>
    <ClInclude Include="Source\Renderer.h">
      <Filter>Header</Filter>
    </ClInclude>
    <ClInclude Include="Source\Transform.h">
      <Filter>Header</Filter>
    </ClInclude>
    <ClInclude Include="Source\Ray.h">
      <Filter>Header</Filter>
    </ClInclude>
  </ItemGroup>
  <ItemGroup>
    <Filter Include="Header">
      <UniqueIdentifier>{6dbe5557-328f-4868-8d7c-277b618fbe23}</UniqueIdentifier>
    </Filter>
  </ItemGroup>
</Project>