<?xml version="1.0" encoding="utf-8"?>
<Project ToolsVersion="Current" xmlns="http://schemas.microsoft.com/developer/msbuild/2003">
  <ItemGroup>
    <ClCompile Include="Source\Actor.cpp">
      <Filter>Source</Filter>
    </ClCompile>
    <ClCompile Include="Source\Camera.cpp">
      <Filter>Source</Filter>
    </ClCompile>
    <ClCompile Include="Source\Color.cpp">
      <Filter>Source</Filter>
    </ClCompile>
    <ClCompile Include="Source\ETime.cpp">
      <Filter>Source</Filter>
    </ClCompile>
    <ClCompile Include="Source\Framebuffer.cpp">
      <Filter>Source</Filter>
    </ClCompile>
    <ClCompile Include="Source\Image.cpp">
      <Filter>Source</Filter>
    </ClCompile>
    <ClCompile Include="Source\Input.cpp">
      <Filter>Source</Filter>
    </ClCompile>
    <ClCompile Include="Source\Main.cpp">
      <Filter>Source</Filter>
    </ClCompile>
    <ClCompile Include="Source\Model.cpp">
      <Filter>Source</Filter>
    </ClCompile>
    <ClCompile Include="Source\PostProcess.cpp">
      <Filter>Source</Filter>
    </ClCompile>
    <ClCompile Include="Source\Renderer.cpp">
      <Filter>Source</Filter>
    </ClCompile>
    <ClCompile Include="Source\Shader.cpp">
      <Filter>Source</Filter>
    </ClCompile>
    <ClCompile Include="Source\VertexShader.cpp">
      <Filter>Source</Filter>
    </ClCompile>
    <ClCompile Include="Source\Rasterizer.cpp">
      <Filter>Source</Filter>
    </ClCompile>
    <ClCompile Include="Source\FragmentShader.cpp">
      <Filter>Source</Filter>
    </ClCompile>
  </ItemGroup>
  <ItemGroup>
    <ClInclude Include="Source\Random.h">
      <Filter>Header</Filter>
    </ClInclude>
    <ClInclude Include="Source\PostProcess.h">
      <Filter>Header</Filter>
    </ClInclude>
    <ClInclude Include="Source\Model.h">
      <Filter>Header</Filter>
    </ClInclude>
    <ClInclude Include="Source\Renderer.h">
      <Filter>Header</Filter>
    </ClInclude>
    <ClInclude Include="Source\Transform.h">
      <Filter>Header</Filter>
    </ClInclude>
    <ClInclude Include="Source\MathUtils.h">
      <Filter>Header</Filter>
    </ClInclude>
    <ClInclude Include="Source\Input.h">
      <Filter>Header</Filter>
    </ClInclude>
    <ClInclude Include="Source\Image.h">
      <Filter>Header</Filter>
    </ClInclude>
    <ClInclude Include="Source\Framebuffer.h">
      <Filter>Header</Filter>
    </ClInclude>
    <ClInclude Include="Source\ETime.h">
      <Filter>Header</Filter>
    </ClInclude>
    <ClInclude Include="Source\Color.h">
      <Filter>Header</Filter>
    </ClInclude>
    <ClInclude Include="Source\Camera.h">
      <Filter>Header</Filter>
    </ClInclude>
    <ClInclude Include="Source\Actor.h">
      <Filter>Header</Filter>
    </ClInclude>
    <ClInclude Include="Source\Rasterizer.h">
      <Filter>Header</Filter>
    </ClInclude>
    <ClInclude Include="Source\FragmentShader.h">
      <Filter>Header</Filter>
    </ClInclude>
    <ClInclude Include="Source\Shader.h">
      <Filter>Header</Filter>
    </ClInclude>
    <ClInclude Include="Source\VertexShader.h">
      <Filter>Header</Filter>
    </ClInclude>
    <ClInclude Include="Light.h">
      <Filter>Header</Filter>
    </ClInclude>
  </ItemGroup>
  <ItemGroup>
    <Filter Include="Header">
      <UniqueIdentifier>{54df951e-66c9-491e-a35b-87610239641f}</UniqueIdentifier>
    </Filter>
    <Filter Include="Source">
      <UniqueIdentifier>{7e099da4-2186-47b9-b5ca-d971516eeb77}</UniqueIdentifier>
    </Filter>
  </ItemGroup>
</Project>